
Microsoft Visual Studio Solution File, Format Version 12.00
# Visual Studio Version 16
VisualStudioVersion = 16.0.30503.244
MinimumVisualStudioVersion = 10.0.40219.1
Project("{FAE04EC0-301F-11D3-BF4B-00C04F79EFBC}") = "Problemas", "Problemas\Problemas.csproj", "{E85D9004-F913-4E3D-9E55-54236B84E4B5}"
EndProject
Project("{FAE04EC0-301F-11D3-BF4B-00C04F79EFBC}") = "Problemas-Test", "Problemas-Test\Problemas-Test.csproj", "{6DE8356F-EEB1-4C20-ACDF-935458429783}"
EndProject
Global
	GlobalSection(SolutionConfigurationPlatforms) = preSolution
		Debug|Any CPU = Debug|Any CPU
		Release|Any CPU = Release|Any CPU
	EndGlobalSection
	GlobalSection(ProjectConfigurationPlatforms) = postSolution
		{E85D9004-F913-4E3D-9E55-54236B84E4B5}.Debug|Any CPU.ActiveCfg = Debug|Any CPU
		{E85D9004-F913-4E3D-9E55-54236B84E4B5}.Debug|Any CPU.Build.0 = Debug|Any CPU
		{E85D9004-F913-4E3D-9E55-54236B84E4B5}.Release|Any CPU.ActiveCfg = Release|Any CPU
		{E85D9004-F913-4E3D-9E55-54236B84E4B5}.Release|Any CPU.Build.0 = Release|Any CPU
		{6DE8356F-EEB1-4C20-ACDF-935458429783}.Debug|Any CPU.ActiveCfg = Debug|Any CPU
		{6DE8356F-EEB1-4C20-ACDF-935458429783}.Debug|Any CPU.Build.0 = Debug|Any CPU
		{6DE8356F-EEB1-4C20-ACDF-935458429783}.Release|Any CPU.ActiveCfg = Release|Any CPU
		{6DE8356F-EEB1-4C20-ACDF-935458429783}.Release|Any CPU.Build.0 = Release|Any CPU
	EndGlobalSection
	GlobalSection(SolutionProperties) = preSolution
		HideSolutionNode = FALSE
	EndGlobalSection
	GlobalSection(ExtensibilityGlobals) = postSolution
		SolutionGuid = {527E5BF7-390C-407E-A066-198A39B30E0D}
	EndGlobalSection
EndGlobal
